
Microsoft Visual Studio Solution File, Format Version 12.00
# Visual Studio Version 16
VisualStudioVersion = 16.0.31112.23
MinimumVisualStudioVersion = 10.0.40219.1
Project("{FAE04EC0-301F-11D3-BF4B-00C04F79EFBC}") = "ProjektCRUD", "ProjektCRUD.csproj", "{5E09B489-13F8-4F1C-BBC7-781513145692}"
EndProject
Global
	GlobalSection(SolutionConfigurationPlatforms) = preSolution
		Debug|Any CPU = Debug|Any CPU
		Release|Any CPU = Release|Any CPU
	EndGlobalSection
	GlobalSection(ProjectConfigurationPlatforms) = postSolution
		{5E09B489-13F8-4F1C-BBC7-781513145692}.Debug|Any CPU.ActiveCfg = Debug|Any CPU
		{5E09B489-13F8-4F1C-BBC7-781513145692}.Debug|Any CPU.Build.0 = Debug|Any CPU
		{5E09B489-13F8-4F1C-BBC7-781513145692}.Release|Any CPU.ActiveCfg = Release|Any CPU
		{5E09B489-13F8-4F1C-BBC7-781513145692}.Release|Any CPU.Build.0 = Release|Any CPU
	EndGlobalSection
	GlobalSection(SolutionProperties) = preSolution
		HideSolutionNode = FALSE
	EndGlobalSection
	GlobalSection(ExtensibilityGlobals) = postSolution
		SolutionGuid = {9BE302F3-7D2A-4CFA-B356-2DB5BD06CF76}
	EndGlobalSection
EndGlobal
